
Microsoft Visual Studio Solution File, Format Version 12.00
# Visual Studio Version 17
VisualStudioVersion = 17.11.35327.3
MinimumVisualStudioVersion = 10.0.40219.1
Project("{FAE04EC0-301F-11D3-BF4B-00C04F79EFBC}") = "MAS - MAX", "MAS - MAX\MAS - MAX.csproj", "{AF458603-3AB9-41D1-8548-D53485B5BA27}"
EndProject
Global
	GlobalSection(SolutionConfigurationPlatforms) = preSolution
		Debug|Any CPU = Debug|Any CPU
		Release|Any CPU = Release|Any CPU
	EndGlobalSection
	GlobalSection(ProjectConfigurationPlatforms) = postSolution
		{AF458603-3AB9-41D1-8548-D53485B5BA27}.Debug|Any CPU.ActiveCfg = Debug|Any CPU
		{AF458603-3AB9-41D1-8548-D53485B5BA27}.Debug|Any CPU.Build.0 = Debug|Any CPU
		{AF458603-3AB9-41D1-8548-D53485B5BA27}.Release|Any CPU.ActiveCfg = Release|Any CPU
		{AF458603-3AB9-41D1-8548-D53485B5BA27}.Release|Any CPU.Build.0 = Release|Any CPU
	EndGlobalSection
	GlobalSection(SolutionProperties) = preSolution
		HideSolutionNode = FALSE
	EndGlobalSection
	GlobalSection(ExtensibilityGlobals) = postSolution
		SolutionGuid = {3C62BF9D-9671-4688-9F5C-EB0F5E95635B}
	EndGlobalSection
EndGlobal
